// !$*UTF8*$!
{
	archiveVersion = 1;
	classes = {
	};
	objectVersion = 46;
	objects = {

/* Begin PBXBuildFile section */
		8C0A75E21E10B3F000FC7E13 /* DetailTableViewCell.swift in Sources */ = {isa = PBXBuildFile; fileRef = 8C0A75E11E10B3F000FC7E13 /* DetailTableViewCell.swift */; };
		8C2F5AE61E0EC2BD00335E0B /* ReusableView.swift in Sources */ = {isa = PBXBuildFile; fileRef = 8C2F5AE51E0EC2BD00335E0B /* ReusableView.swift */; };
		8C2F5AE81E0EC4F200335E0B /* NibLoadableView.swift in Sources */ = {isa = PBXBuildFile; fileRef = 8C2F5AE71E0EC4F200335E0B /* NibLoadableView.swift */; };
		8C2F5AEA1E0EC5E600335E0B /* UITableViewExtension.swift in Sources */ = {isa = PBXBuildFile; fileRef = 8C2F5AE91E0EC5E600335E0B /* UITableViewExtension.swift */; };
		8CC83BAF1E0D2DC700C84378 /* AppDelegate.swift in Sources */ = {isa = PBXBuildFile; fileRef = 8CC83BAE1E0D2DC700C84378 /* AppDelegate.swift */; };
		8CC83BB11E0D2DC700C84378 /* ViewController.swift in Sources */ = {isa = PBXBuildFile; fileRef = 8CC83BB01E0D2DC700C84378 /* ViewController.swift */; };
		8CC83BB41E0D2DC700C84378 /* Main.storyboard in Resources */ = {isa = PBXBuildFile; fileRef = 8CC83BB21E0D2DC700C84378 /* Main.storyboard */; };
		8CC83BB61E0D2DC700C84378 /* Assets.xcassets in Resources */ = {isa = PBXBuildFile; fileRef = 8CC83BB51E0D2DC700C84378 /* Assets.xcassets */; };
		8CC83BB91E0D2DC700C84378 /* LaunchScreen.storyboard in Resources */ = {isa = PBXBuildFile; fileRef = 8CC83BB71E0D2DC700C84378 /* LaunchScreen.storyboard */; };
		8CC83BC41E0D2DC700C84378 /* DropDownTests.swift in Sources */ = {isa = PBXBuildFile; fileRef = 8CC83BC31E0D2DC700C84378 /* DropDownTests.swift */; };
		8CC83BCF1E0D2DC700C84378 /* DropDownUITests.swift in Sources */ = {isa = PBXBuildFile; fileRef = 8CC83BCE1E0D2DC700C84378 /* DropDownUITests.swift */; };
/* End PBXBuildFile section */

/* Begin PBXContainerItemProxy section */
		8CC83BC01E0D2DC700C84378 /* PBXContainerItemProxy */ = {
			isa = PBXContainerItemProxy;
			containerPortal = 8CC83BA31E0D2DC700C84378 /* Project object */;
			proxyType = 1;
			remoteGlobalIDString = 8CC83BAA1E0D2DC700C84378;
			remoteInfo = DropDown;
		};
		8CC83BCB1E0D2DC700C84378 /* PBXContainerItemProxy */ = {
			isa = PBXContainerItemProxy;
			containerPortal = 8CC83BA31E0D2DC700C84378 /* Project object */;
			proxyType = 1;
			remoteGlobalIDString = 8CC83BAA1E0D2DC700C84378;
			remoteInfo = DropDown;
		};
/* End PBXContainerItemProxy section */

/* Begin PBXFileReference section */
		8C0A75E11E10B3F000FC7E13 /* DetailTableViewCell.swift */ = {isa = PBXFileReference; fileEncoding = 4; lastKnownFileType = sourcecode.swift; path = DetailTableViewCell.swift; sourceTree = "<group>"; };
		8C2F5AE51E0EC2BD00335E0B /* ReusableView.swift */ = {isa = PBXFileReference; fileEncoding = 4; lastKnownFileType = sourcecode.swift; path = ReusableView.swift; sourceTree = "<group>"; };
		8C2F5AE71E0EC4F200335E0B /* NibLoadableView.swift */ = {isa = PBXFileReference; fileEncoding = 4; lastKnownFileType = sourcecode.swift; path = NibLoadableView.swift; sourceTree = "<group>"; };
		8C2F5AE91E0EC5E600335E0B /* UITableViewExtension.swift */ = {isa = PBXFileReference; fileEncoding = 4; lastKnownFileType = sourcecode.swift; path = UITableViewExtension.swift; sourceTree = "<group>"; };
		8CC83BAB1E0D2DC700C84378 /* DropDown.app */ = {isa = PBXFileReference; explicitFileType = wrapper.application; includeInIndex = 0; path = DropDown.app; sourceTree = BUILT_PRODUCTS_DIR; };
		8CC83BAE1E0D2DC700C84378 /* AppDelegate.swift */ = {isa = PBXFileReference; lastKnownFileType = sourcecode.swift; path = AppDelegate.swift; sourceTree = "<group>"; };
		8CC83BB01E0D2DC700C84378 /* ViewController.swift */ = {isa = PBXFileReference; lastKnownFileType = sourcecode.swift; path = ViewController.swift; sourceTree = "<group>"; };
		8CC83BB31E0D2DC700C84378 /* Base */ = {isa = PBXFileReference; lastKnownFileType = file.storyboard; name = Base; path = Base.lproj/Main.storyboard; sourceTree = "<group>"; };
		8CC83BB51E0D2DC700C84378 /* Assets.xcassets */ = {isa = PBXFileReference; lastKnownFileType = folder.assetcatalog; path = Assets.xcassets; sourceTree = "<group>"; };
		8CC83BB81E0D2DC700C84378 /* Base */ = {isa = PBXFileReference; lastKnownFileType = file.storyboard; name = Base; path = Base.lproj/LaunchScreen.storyboard; sourceTree = "<group>"; };
		8CC83BBA1E0D2DC700C84378 /* Info.plist */ = {isa = PBXFileReference; lastKnownFileType = text.plist.xml; path = Info.plist; sourceTree = "<group>"; };
		8CC83BBF1E0D2DC700C84378 /* DropDownTests.xctest */ = {isa = PBXFileReference; explicitFileType = wrapper.cfbundle; includeInIndex = 0; path = DropDownTests.xctest; sourceTree = BUILT_PRODUCTS_DIR; };
		8CC83BC31E0D2DC700C84378 /* DropDownTests.swift */ = {isa = PBXFileReference; lastKnownFileType = sourcecode.swift; path = DropDownTests.swift; sourceTree = "<group>"; };
		8CC83BC51E0D2DC700C84378 /* Info.plist */ = {isa = PBXFileReference; lastKnownFileType = text.plist.xml; path = Info.plist; sourceTree = "<group>"; };
		8CC83BCA1E0D2DC700C84378 /* DropDownUITests.xctest */ = {isa = PBXFileReference; explicitFileType = wrapper.cfbundle; includeInIndex = 0; path = DropDownUITests.xctest; sourceTree = BUILT_PRODUCTS_DIR; };
		8CC83BCE1E0D2DC700C84378 /* DropDownUITests.swift */ = {isa = PBXFileReference; lastKnownFileType = sourcecode.swift; path = DropDownUITests.swift; sourceTree = "<group>"; };
		8CC83BD01E0D2DC700C84378 /* Info.plist */ = {isa = PBXFileReference; lastKnownFileType = text.plist.xml; path = Info.plist; sourceTree = "<group>"; };
/* End PBXFileReference section */

/* Begin PBXFrameworksBuildPhase section */
		8CC83BA81E0D2DC700C84378 /* Frameworks */ = {
			isa = PBXFrameworksBuildPhase;
			buildActionMask = 2147483647;
			files = (
			);
			runOnlyForDeploymentPostprocessing = 0;
		};
		8CC83BBC1E0D2DC700C84378 /* Frameworks */ = {
			isa = PBXFrameworksBuildPhase;
			buildActionMask = 2147483647;
			files = (
			);
			runOnlyForDeploymentPostprocessing = 0;
		};
		8CC83BC71E0D2DC700C84378 /* Frameworks */ = {
			isa = PBXFrameworksBuildPhase;
			buildActionMask = 2147483647;
			files = (
			);
			runOnlyForDeploymentPostprocessing = 0;
		};
/* End PBXFrameworksBuildPhase section */

/* Begin PBXGroup section */
		8CC83BA21E0D2DC700C84378 = {
			isa = PBXGroup;
			children = (
				8CC83BAD1E0D2DC700C84378 /* DropDown */,
				8CC83BC21E0D2DC700C84378 /* DropDownTests */,
				8CC83BCD1E0D2DC700C84378 /* DropDownUITests */,
				8CC83BAC1E0D2DC700C84378 /* Products */,
			);
			sourceTree = "<group>";
		};
		8CC83BAC1E0D2DC700C84378 /* Products */ = {
			isa = PBXGroup;
			children = (
				8CC83BAB1E0D2DC700C84378 /* DropDown.app */,
				8CC83BBF1E0D2DC700C84378 /* DropDownTests.xctest */,
				8CC83BCA1E0D2DC700C84378 /* DropDownUITests.xctest */,
			);
			name = Products;
			sourceTree = "<group>";
		};
		8CC83BAD1E0D2DC700C84378 /* DropDown */ = {
			isa = PBXGroup;
			children = (
				8CC83BAE1E0D2DC700C84378 /* AppDelegate.swift */,
				8CC83BB01E0D2DC700C84378 /* ViewController.swift */,
				8C0A75E11E10B3F000FC7E13 /* DetailTableViewCell.swift */,
				8C2F5AE51E0EC2BD00335E0B /* ReusableView.swift */,
				8C2F5AE71E0EC4F200335E0B /* NibLoadableView.swift */,
				8C2F5AE91E0EC5E600335E0B /* UITableViewExtension.swift */,
				8CC83BB21E0D2DC700C84378 /* Main.storyboard */,
				8CC83BB51E0D2DC700C84378 /* Assets.xcassets */,
				8CC83BB71E0D2DC700C84378 /* LaunchScreen.storyboard */,
				8CC83BBA1E0D2DC700C84378 /* Info.plist */,
			);
			path = DropDown;
			sourceTree = "<group>";
		};
		8CC83BC21E0D2DC700C84378 /* DropDownTests */ = {
			isa = PBXGroup;
			children = (
				8CC83BC31E0D2DC700C84378 /* DropDownTests.swift */,
				8CC83BC51E0D2DC700C84378 /* Info.plist */,
			);
			path = DropDownTests;
			sourceTree = "<group>";
		};
		8CC83BCD1E0D2DC700C84378 /* DropDownUITests */ = {
			isa = PBXGroup;
			children = (
				8CC83BCE1E0D2DC700C84378 /* DropDownUITests.swift */,
				8CC83BD01E0D2DC700C84378 /* Info.plist */,
			);
			path = DropDownUITests;
			sourceTree = "<group>";
		};
/* End PBXGroup section */

/* Begin PBXNativeTarget section */
		8CC83BAA1E0D2DC700C84378 /* DropDown */ = {
			isa = PBXNativeTarget;
			buildConfigurationList = 8CC83BD31E0D2DC700C84378 /* Build configuration list for PBXNativeTarget "DropDown" */;
			buildPhases = (
				8CC83BA71E0D2DC700C84378 /* Sources */,
				8CC83BA81E0D2DC700C84378 /* Frameworks */,
				8CC83BA91E0D2DC700C84378 /* Resources */,
			);
			buildRules = (
			);
			dependencies = (
			);
			name = DropDown;
			productName = DropDown;
			productReference = 8CC83BAB1E0D2DC700C84378 /* DropDown.app */;
			productType = "com.apple.product-type.application";
		};
		8CC83BBE1E0D2DC700C84378 /* DropDownTests */ = {
			isa = PBXNativeTarget;
			buildConfigurationList = 8CC83BD61E0D2DC700C84378 /* Build configuration list for PBXNativeTarget "DropDownTests" */;
			buildPhases = (
				8CC83BBB1E0D2DC700C84378 /* Sources */,
				8CC83BBC1E0D2DC700C84378 /* Frameworks */,
				8CC83BBD1E0D2DC700C84378 /* Resources */,
			);
			buildRules = (
			);
			dependencies = (
				8CC83BC11E0D2DC700C84378 /* PBXTargetDependency */,
			);
			name = DropDownTests;
			productName = DropDownTests;
			productReference = 8CC83BBF1E0D2DC700C84378 /* DropDownTests.xctest */;
			productType = "com.apple.product-type.bundle.unit-test";
		};
		8CC83BC91E0D2DC700C84378 /* DropDownUITests */ = {
			isa = PBXNativeTarget;
			buildConfigurationList = 8CC83BD91E0D2DC700C84378 /* Build configuration list for PBXNativeTarget "DropDownUITests" */;
			buildPhases = (
				8CC83BC61E0D2DC700C84378 /* Sources */,
				8CC83BC71E0D2DC700C84378 /* Frameworks */,
				8CC83BC81E0D2DC700C84378 /* Resources */,
			);
			buildRules = (
			);
			dependencies = (
				8CC83BCC1E0D2DC700C84378 /* PBXTargetDependency */,
			);
			name = DropDownUITests;
			productName = DropDownUITests;
			productReference = 8CC83BCA1E0D2DC700C84378 /* DropDownUITests.xctest */;
			productType = "com.apple.product-type.bundle.ui-testing";
		};
/* End PBXNativeTarget section */

/* Begin PBXProject section */
		8CC83BA31E0D2DC700C84378 /* Project object */ = {
			isa = PBXProject;
			attributes = {
				LastSwiftUpdateCheck = 0810;
				LastUpgradeCheck = 0810;
				ORGANIZATIONNAME = sunshine;
				TargetAttributes = {
					8CC83BAA1E0D2DC700C84378 = {
						CreatedOnToolsVersion = 8.1;
						ProvisioningStyle = Automatic;
					};
					8CC83BBE1E0D2DC700C84378 = {
						CreatedOnToolsVersion = 8.1;
						ProvisioningStyle = Automatic;
						TestTargetID = 8CC83BAA1E0D2DC700C84378;
					};
					8CC83BC91E0D2DC700C84378 = {
						CreatedOnToolsVersion = 8.1;
						ProvisioningStyle = Automatic;
						TestTargetID = 8CC83BAA1E0D2DC700C84378;
					};
				};
			};
			buildConfigurationList = 8CC83BA61E0D2DC700C84378 /* Build configuration list for PBXProject "DropDown" */;
			compatibilityVersion = "Xcode 3.2";
			developmentRegion = English;
			hasScannedForEncodings = 0;
			knownRegions = (
				en,
				Base,
			);
			mainGroup = 8CC83BA21E0D2DC700C84378;
			productRefGroup = 8CC83BAC1E0D2DC700C84378 /* Products */;
			projectDirPath = "";
			projectRoot = "";
			targets = (
				8CC83BAA1E0D2DC700C84378 /* DropDown */,
				8CC83BBE1E0D2DC700C84378 /* DropDownTests */,
				8CC83BC91E0D2DC700C84378 /* DropDownUITests */,
			);
		};
/* End PBXProject section */

/* Begin PBXResourcesBuildPhase section */
		8CC83BA91E0D2DC700C84378 /* Resources */ = {
			isa = PBXResourcesBuildPhase;
			buildActionMask = 2147483647;
			files = (
				8CC83BB91E0D2DC700C84378 /* LaunchScreen.storyboard in Resources */,
				8CC83BB61E0D2DC700C84378 /* Assets.xcassets in Resources */,
				8CC83BB41E0D2DC700C84378 /* Main.storyboard in Resources */,
			);
			runOnlyForDeploymentPostprocessing = 0;
		};
		8CC83BBD1E0D2DC700C84378 /* Resources */ = {
			isa = PBXResourcesBuildPhase;
			buildActionMask = 2147483647;
			files = (
			);
			runOnlyForDeploymentPostprocessing = 0;
		};
		8CC83BC81E0D2DC700C84378 /* Resources */ = {
			isa = PBXResourcesBuildPhase;
			buildActionMask = 2147483647;
			files = (
			);
			runOnlyForDeploymentPostprocessing = 0;
		};
/* End PBXResourcesBuildPhase section */

/* Begin PBXSourcesBuildPhase section */
		8CC83BA71E0D2DC700C84378 /* Sources */ = {
			isa = PBXSourcesBuildPhase;
			buildActionMask = 2147483647;
			files = (
				8C0A75E21E10B3F000FC7E13 /* DetailTableViewCell.swift in Sources */,
				8C2F5AE81E0EC4F200335E0B /* NibLoadableView.swift in Sources */,
				8C2F5AEA1E0EC5E600335E0B /* UITableViewExtension.swift in Sources */,
				8C2F5AE61E0EC2BD00335E0B /* ReusableView.swift in Sources */,
				8CC83BB11E0D2DC700C84378 /* ViewController.swift in Sources */,
				8CC83BAF1E0D2DC700C84378 /* AppDelegate.swift in Sources */,
			);
			runOnlyForDeploymentPostprocessing = 0;
		};
		8CC83BBB1E0D2DC700C84378 /* Sources */ = {
			isa = PBXSourcesBuildPhase;
			buildActionMask = 2147483647;
			files = (
				8CC83BC41E0D2DC700C84378 /* DropDownTests.swift in Sources */,
			);
			runOnlyForDeploymentPostprocessing = 0;
		};
		8CC83BC61E0D2DC700C84378 /* Sources */ = {
			isa = PBXSourcesBuildPhase;
			buildActionMask = 2147483647;
			files = (
				8CC83BCF1E0D2DC700C84378 /* DropDownUITests.swift in Sources */,
			);
			runOnlyForDeploymentPostprocessing = 0;
		};
/* End PBXSourcesBuildPhase section */

/* Begin PBXTargetDependency section */
		8CC83BC11E0D2DC700C84378 /* PBXTargetDependency */ = {
			isa = PBXTargetDependency;
			target = 8CC83BAA1E0D2DC700C84378 /* DropDown */;
			targetProxy = 8CC83BC01E0D2DC700C84378 /* PBXContainerItemProxy */;
		};
		8CC83BCC1E0D2DC700C84378 /* PBXTargetDependency */ = {
			isa = PBXTargetDependency;
			target = 8CC83BAA1E0D2DC700C84378 /* DropDown */;
			targetProxy = 8CC83BCB1E0D2DC700C84378 /* PBXContainerItemProxy */;
		};
/* End PBXTargetDependency section */

/* Begin PBXVariantGroup section */
		8CC83BB21E0D2DC700C84378 /* Main.storyboard */ = {
			isa = PBXVariantGroup;
			children = (
				8CC83BB31E0D2DC700C84378 /* Base */,
			);
			name = Main.storyboard;
			sourceTree = "<group>";
		};
		8CC83BB71E0D2DC700C84378 /* LaunchScreen.storyboard */ = {
			isa = PBXVariantGroup;
			children = (
				8CC83BB81E0D2DC700C84378 /* Base */,
			);
			name = LaunchScreen.storyboard;
			sourceTree = "<group>";
		};
/* End PBXVariantGroup section */

/* Begin XCBuildConfiguration section */
		8CC83BD11E0D2DC700C84378 /* Debug */ = {
			isa = XCBuildConfiguration;
			buildSettings = {
				ALWAYS_SEARCH_USER_PATHS = NO;
				CLANG_ANALYZER_NONNULL = YES;
				CLANG_CXX_LANGUAGE_STANDARD = "gnu++0x";
				CLANG_CXX_LIBRARY = "libc++";
				CLANG_ENABLE_MODULES = YES;
				CLANG_ENABLE_OBJC_ARC = YES;
				CLANG_WARN_BOOL_CONVERSION = YES;
				CLANG_WARN_CONSTANT_CONVERSION = YES;
				CLANG_WARN_DIRECT_OBJC_ISA_USAGE = YES_ERROR;
				CLANG_WARN_DOCUMENTATION_COMMENTS = YES;
				CLANG_WARN_EMPTY_BODY = YES;
				CLANG_WARN_ENUM_CONVERSION = YES;
				CLANG_WARN_INFINITE_RECURSION = YES;
				CLANG_WARN_INT_CONVERSION = YES;
				CLANG_WARN_OBJC_ROOT_CLASS = YES_ERROR;
				CLANG_WARN_SUSPICIOUS_MOVES = YES;
				CLANG_WARN_UNREACHABLE_CODE = YES;
				CLANG_WARN__DUPLICATE_METHOD_MATCH = YES;
				"CODE_SIGN_IDENTITY[sdk=iphoneos*]" = "iPhone Developer";
				COPY_PHASE_STRIP = NO;
				DEBUG_INFORMATION_FORMAT = dwarf;
				ENABLE_STRICT_OBJC_MSGSEND = YES;
				ENABLE_TESTABILITY = YES;
				GCC_C_LANGUAGE_STANDARD = gnu99;
				GCC_DYNAMIC_NO_PIC = NO;
				GCC_NO_COMMON_BLOCKS = YES;
				GCC_OPTIMIZATION_LEVEL = 0;
				GCC_PREPROCESSOR_DEFINITIONS = (
					"DEBUG=1",
					"$(inherited)",
				);
				GCC_WARN_64_TO_32_BIT_CONVERSION = YES;
				GCC_WARN_ABOUT_RETURN_TYPE = YES_ERROR;
				GCC_WARN_UNDECLARED_SELECTOR = YES;
				GCC_WARN_UNINITIALIZED_AUTOS = YES_AGGRESSIVE;
				GCC_WARN_UNUSED_FUNCTION = YES;
				GCC_WARN_UNUSED_VARIABLE = YES;
				IPHONEOS_DEPLOYMENT_TARGET = 10.1;
				MTL_ENABLE_DEBUG_INFO = YES;
				ONLY_ACTIVE_ARCH = YES;
				SDKROOT = iphoneos;
				SWIFT_ACTIVE_COMPILATION_CONDITIONS = DEBUG;
				SWIFT_OPTIMIZATION_LEVEL = "-Onone";
			};
			name = Debug;
		};
		8CC83BD21E0D2DC700C84378 /* Release */ = {
			isa = XCBuildConfiguration;
			buildSettings = {
				ALWAYS_SEARCH_USER_PATHS = NO;
				CLANG_ANALYZER_NONNULL = YES;
				CLANG_CXX_LANGUAGE_STANDARD = "gnu++0x";
				CLANG_CXX_LIBRARY = "libc++";
				CLANG_ENABLE_MODULES = YES;
				CLANG_ENABLE_OBJC_ARC = YES;
				CLANG_WARN_BOOL_CONVERSION = YES;
				CLANG_WARN_CONSTANT_CONVERSION = YES;
				CLANG_WARN_DIRECT_OBJC_ISA_USAGE = YES_ERROR;
				CLANG_WARN_DOCUMENTATION_COMMENTS = YES;
				CLANG_WARN_EMPTY_BODY = YES;
				CLANG_WARN_ENUM_CONVERSION = YES;
				CLANG_WARN_INFINITE_RECURSION = YES;
				CLANG_WARN_INT_CONVERSION = YES;
				CLANG_WARN_OBJC_ROOT_CLASS = YES_ERROR;
				CLANG_WARN_SUSPICIOUS_MOVES = YES;
				CLANG_WARN_UNREACHABLE_CODE = YES;
				CLANG_WARN__DUPLICATE_METHOD_MATCH = YES;
				"CODE_SIGN_IDENTITY[sdk=iphoneos*]" = "iPhone Developer";
				COPY_PHASE_STRIP = NO;
				DEBUG_INFORMATION_FORMAT = "dwarf-with-dsym";
				ENABLE_NS_ASSERTIONS = NO;
				ENABLE_STRICT_OBJC_MSGSEND = YES;
				GCC_C_LANGUAGE_STANDARD = gnu99;
				GCC_NO_COMMON_BLOCKS = YES;
				GCC_WARN_64_TO_32_BIT_CONVERSION = YES;
				GCC_WARN_ABOUT_RETURN_TYPE = YES_ERROR;
				GCC_WARN_UNDECLARED_SELECTOR = YES;
				GCC_WARN_UNINITIALIZED_AUTOS = YES_AGGRESSIVE;
				GCC_WARN_UNUSED_FUNCTION = YES;
				GCC_WARN_UNUSED_VARIABLE = YES;
				IPHONEOS_DEPLOYMENT_TARGET = 10.1;
				MTL_ENABLE_DEBUG_INFO = NO;
				SDKROOT = iphoneos;
				SWIFT_OPTIMIZATION_LEVEL = "-Owholemodule";
				VALIDATE_PRODUCT = YES;
			};
			name = Release;
		};
		8CC83BD41E0D2DC700C84378 /* Debug */ = {
			isa = XCBuildConfiguration;
			buildSettings = {
				ASSETCATALOG_COMPILER_APPICON_NAME = AppIcon;
				INFOPLIST_FILE = DropDown/Info.plist;
				LD_RUNPATH_SEARCH_PATHS = "$(inherited) @executable_path/Frameworks";
				PRODUCT_BUNDLE_IDENTIFIER = com.sunshine.DropDown;
				PRODUCT_NAME = "$(TARGET_NAME)";
				SWIFT_VERSION = 3.0;
			};
			name = Debug;
		};
		8CC83BD51E0D2DC700C84378 /* Release */ = {
			isa = XCBuildConfiguration;
			buildSettings = {
				ASSETCATALOG_COMPILER_APPICON_NAME = AppIcon;
				INFOPLIST_FILE = DropDown/Info.plist;
				LD_RUNPATH_SEARCH_PATHS = "$(inherited) @executable_path/Frameworks";
				PRODUCT_BUNDLE_IDENTIFIER = com.sunshine.DropDown;
				PRODUCT_NAME = "$(TARGET_NAME)";
				SWIFT_VERSION = 3.0;
			};
			name = Release;
		};
		8CC83BD71E0D2DC700C84378 /* Debug */ = {
			isa = XCBuildConfiguration;
			buildSettings = {
				ALWAYS_EMBED_SWIFT_STANDARD_LIBRARIES = YES;
				BUNDLE_LOADER = "$(TEST_HOST)";
				INFOPLIST_FILE = DropDownTests/Info.plist;
				LD_RUNPATH_SEARCH_PATHS = "$(inherited) @executable_path/Frameworks @loader_path/Frameworks";
				PRODUCT_BUNDLE_IDENTIFIER = com.sunshine.DropDownTests;
				PRODUCT_NAME = "$(TARGET_NAME)";
				SWIFT_VERSION = 3.0;
				TEST_HOST = "$(BUILT_PRODUCTS_DIR)/DropDown.app/DropDown";
			};
			name = Debug;
		};
		8CC83BD81E0D2DC700C84378 /* Release */ = {
			isa = XCBuildConfiguration;
			buildSettings = {
				ALWAYS_EMBED_SWIFT_STANDARD_LIBRARIES = YES;
				BUNDLE_LOADER = "$(TEST_HOST)";
				INFOPLIST_FILE = DropDownTests/Info.plist;
				LD_RUNPATH_SEARCH_PATHS = "$(inherited) @executable_path/Frameworks @loader_path/Frameworks";
				PRODUCT_BUNDLE_IDENTIFIER = com.sunshine.DropDownTests;
				PRODUCT_NAME = "$(TARGET_NAME)";
				SWIFT_VERSION = 3.0;
				TEST_HOST = "$(BUILT_PRODUCTS_DIR)/DropDown.app/DropDown";
			};
			name = Release;
		};
		8CC83BDA1E0D2DC700C84378 /* Debug */ = {
			isa = XCBuildConfiguration;
			buildSettings = {
				ALWAYS_EMBED_SWIFT_STANDARD_LIBRARIES = YES;
				INFOPLIST_FILE = DropDownUITests/Info.plist;
				LD_RUNPATH_SEARCH_PATHS = "$(inherited) @executable_path/Frameworks @loader_path/Frameworks";
				PRODUCT_BUNDLE_IDENTIFIER = com.sunshine.DropDownUITests;
				PRODUCT_NAME = "$(TARGET_NAME)";
				SWIFT_VERSION = 3.0;
				TEST_TARGET_NAME = DropDown;
			};
			name = Debug;
		};
		8CC83BDB1E0D2DC700C84378 /* Release */ = {
			isa = XCBuildConfiguration;
			buildSettings = {
				ALWAYS_EMBED_SWIFT_STANDARD_LIBRARIES = YES;
				INFOPLIST_FILE = DropDownUITests/Info.plist;
				LD_RUNPATH_SEARCH_PATHS = "$(inherited) @executable_path/Frameworks @loader_path/Frameworks";
				PRODUCT_BUNDLE_IDENTIFIER = com.sunshine.DropDownUITests;
				PRODUCT_NAME = "$(TARGET_NAME)";
				SWIFT_VERSION = 3.0;
				TEST_TARGET_NAME = DropDown;
			};
			name = Release;
		};
/* End XCBuildConfiguration section */

/* Begin XCConfigurationList section */
		8CC83BA61E0D2DC700C84378 /* Build configuration list for PBXProject "DropDown" */ = {
			isa = XCConfigurationList;
			buildConfigurations = (
				8CC83BD11E0D2DC700C84378 /* Debug */,
				8CC83BD21E0D2DC700C84378 /* Release */,
			);
			defaultConfigurationIsVisible = 0;
			defaultConfigurationName = Release;
		};
		8CC83BD31E0D2DC700C84378 /* Build configuration list for PBXNativeTarget "DropDown" */ = {
			isa = XCConfigurationList;
			buildConfigurations = (
				8CC83BD41E0D2DC700C84378 /* Debug */,
				8CC83BD51E0D2DC700C84378 /* Release */,
			);
			defaultConfigurationIsVisible = 0;
			defaultConfigurationName = Release;
		};
		8CC83BD61E0D2DC700C84378 /* Build configuration list for PBXNativeTarget "DropDownTests" */ = {
			isa = XCConfigurationList;
			buildConfigurations = (
				8CC83BD71E0D2DC700C84378 /* Debug */,
				8CC83BD81E0D2DC700C84378 /* Release */,
			);
			defaultConfigurationIsVisible = 0;
			defaultConfigurationName = Release;
		};
		8CC83BD91E0D2DC700C84378 /* Build configuration list for PBXNativeTarget "DropDownUITests" */ = {
			isa = XCConfigurationList;
			buildConfigurations = (
				8CC83BDA1E0D2DC700C84378 /* Debug */,
				8CC83BDB1E0D2DC700C84378 /* Release */,
			);
			defaultConfigurationIsVisible = 0;
			defaultConfigurationName = Release;
		};
/* End XCConfigurationList section */
	};
	rootObject = 8CC83BA31E0D2DC700C84378 /* Project object */;
}
